
Microsoft Visual Studio Solution File, Format Version 12.00
# Visual Studio Version 17
VisualStudioVersion = 17.0.32112.339
MinimumVisualStudioVersion = 10.0.40219.1
Project("{2150E333-8FDC-42A3-9474-1A3956D46DE8}") = "10 Test", "10 Test", "{DD6A83B6-6224-4311-B10C-3EB895BA26A0}"
EndProject
Project("{9A19103F-16F7-4668-BE54-9A1E7A4F7556}") = "CoffeeMachine.Test", "CoffeeMachine.Test\CoffeeMachine.Test.csproj", "{47F4C365-FC6A-4A13-A95E-361CE6174D43}"
EndProject
Project("{2150E333-8FDC-42A3-9474-1A3956D46DE8}") = "90 Application", "90 Application", "{41A26D8F-A330-44D8-845B-E2812A0F9D4C}"
EndProject
Project("{2150E333-8FDC-42A3-9474-1A3956D46DE8}") = "30 Shared", "30 Shared", "{121C0B20-9F22-4D1A-BB79-AA71757C42E5}"
EndProject
Project("{9A19103F-16F7-4668-BE54-9A1E7A4F7556}") = "CoffeeMachine", "CoffeeMachine\CoffeeMachine.csproj", "{CF3C5BF1-62AA-48C5-9C47-AB5EAB56A3C1}"
EndProject
Project("{9A19103F-16F7-4668-BE54-9A1E7A4F7556}") = "CoffeeMachine.Shared", "CoffeeMachine.Shared\CoffeeMachine.Shared.csproj", "{97A755AD-C70E-4C6C-BADE-5BF79729098F}"
EndProject
Global
	GlobalSection(SolutionConfigurationPlatforms) = preSolution
		Debug|Any CPU = Debug|Any CPU
		Release|Any CPU = Release|Any CPU
	EndGlobalSection
	GlobalSection(ProjectConfigurationPlatforms) = postSolution
		{47F4C365-FC6A-4A13-A95E-361CE6174D43}.Debug|Any CPU.ActiveCfg = Debug|Any CPU
		{47F4C365-FC6A-4A13-A95E-361CE6174D43}.Debug|Any CPU.Build.0 = Debug|Any CPU
		{47F4C365-FC6A-4A13-A95E-361CE6174D43}.Release|Any CPU.ActiveCfg = Release|Any CPU
		{47F4C365-FC6A-4A13-A95E-361CE6174D43}.Release|Any CPU.Build.0 = Release|Any CPU
		{CF3C5BF1-62AA-48C5-9C47-AB5EAB56A3C1}.Debug|Any CPU.ActiveCfg = Debug|Any CPU
		{CF3C5BF1-62AA-48C5-9C47-AB5EAB56A3C1}.Debug|Any CPU.Build.0 = Debug|Any CPU
		{CF3C5BF1-62AA-48C5-9C47-AB5EAB56A3C1}.Release|Any CPU.ActiveCfg = Release|Any CPU
		{CF3C5BF1-62AA-48C5-9C47-AB5EAB56A3C1}.Release|Any CPU.Build.0 = Release|Any CPU
		{97A755AD-C70E-4C6C-BADE-5BF79729098F}.Debug|Any CPU.ActiveCfg = Debug|Any CPU
		{97A755AD-C70E-4C6C-BADE-5BF79729098F}.Debug|Any CPU.Build.0 = Debug|Any CPU
		{97A755AD-C70E-4C6C-BADE-5BF79729098F}.Release|Any CPU.ActiveCfg = Release|Any CPU
		{97A755AD-C70E-4C6C-BADE-5BF79729098F}.Release|Any CPU.Build.0 = Release|Any CPU
	EndGlobalSection
	GlobalSection(SolutionProperties) = preSolution
		HideSolutionNode = FALSE
	EndGlobalSection
	GlobalSection(NestedProjects) = preSolution
		{47F4C365-FC6A-4A13-A95E-361CE6174D43} = {DD6A83B6-6224-4311-B10C-3EB895BA26A0}
		{CF3C5BF1-62AA-48C5-9C47-AB5EAB56A3C1} = {41A26D8F-A330-44D8-845B-E2812A0F9D4C}
		{97A755AD-C70E-4C6C-BADE-5BF79729098F} = {121C0B20-9F22-4D1A-BB79-AA71757C42E5}
	EndGlobalSection
	GlobalSection(ExtensibilityGlobals) = postSolution
		SolutionGuid = {5DA8A9B1-C2E3-48F1-BE09-1115470537E2}
	EndGlobalSection
EndGlobal
